
Microsoft Visual Studio Solution File, Format Version 12.00
# Visual Studio Version 17
VisualStudioVersion = 17.3.32929.385
MinimumVisualStudioVersion = 10.0.40219.1
Project("{9A19103F-16F7-4668-BE54-9A1E7A4F7556}") = "SignalRChatApiFetch", "SignalRChatApiFetch.csproj", "{21AE7CD0-A189-4328-98DB-0FD399798234}"
EndProject
Global
	GlobalSection(SolutionConfigurationPlatforms) = preSolution
		Debug|Any CPU = Debug|Any CPU
		Release|Any CPU = Release|Any CPU
	EndGlobalSection
	GlobalSection(ProjectConfigurationPlatforms) = postSolution
		{21AE7CD0-A189-4328-98DB-0FD399798234}.Debug|Any CPU.ActiveCfg = Debug|Any CPU
		{21AE7CD0-A189-4328-98DB-0FD399798234}.Debug|Any CPU.Build.0 = Debug|Any CPU
		{21AE7CD0-A189-4328-98DB-0FD399798234}.Release|Any CPU.ActiveCfg = Release|Any CPU
		{21AE7CD0-A189-4328-98DB-0FD399798234}.Release|Any CPU.Build.0 = Release|Any CPU
	EndGlobalSection
	GlobalSection(SolutionProperties) = preSolution
		HideSolutionNode = FALSE
	EndGlobalSection
	GlobalSection(ExtensibilityGlobals) = postSolution
		SolutionGuid = {B6BFE6CD-F6B5-421B-A8F7-269DEB6298C0}
	EndGlobalSection
EndGlobal
